
Microsoft Visual Studio Solution File, Format Version 12.00
# Visual Studio Version 17
VisualStudioVersion = 17.9.34728.123
MinimumVisualStudioVersion = 10.0.40219.1
Project("{FAE04EC0-301F-11D3-BF4B-00C04F79EFBC}") = "EstanteLivro_OO", "EstanteLivro_OO\EstanteLivro_OO.csproj", "{1CEF66C7-1356-4297-98FC-E988A3E4C1F1}"
EndProject
Global
	GlobalSection(SolutionConfigurationPlatforms) = preSolution
		Debug|Any CPU = Debug|Any CPU
		Release|Any CPU = Release|Any CPU
	EndGlobalSection
	GlobalSection(ProjectConfigurationPlatforms) = postSolution
		{1CEF66C7-1356-4297-98FC-E988A3E4C1F1}.Debug|Any CPU.ActiveCfg = Debug|Any CPU
		{1CEF66C7-1356-4297-98FC-E988A3E4C1F1}.Debug|Any CPU.Build.0 = Debug|Any CPU
		{1CEF66C7-1356-4297-98FC-E988A3E4C1F1}.Release|Any CPU.ActiveCfg = Release|Any CPU
		{1CEF66C7-1356-4297-98FC-E988A3E4C1F1}.Release|Any CPU.Build.0 = Release|Any CPU
	EndGlobalSection
	GlobalSection(SolutionProperties) = preSolution
		HideSolutionNode = FALSE
	EndGlobalSection
	GlobalSection(ExtensibilityGlobals) = postSolution
		SolutionGuid = {B367D5F2-9719-41CD-B41A-F6B5970FD991}
	EndGlobalSection
EndGlobal
